// !$*UTF8*$!
{
	archiveVersion = 1;
	classes = {
	};
	objectVersion = 48;
	objects = {

/* Begin PBXBuildFile section */
		04D7343C2003964F00A7DE93 /* AppDelegate.swift in Sources */ = {isa = PBXBuildFile; fileRef = 04D7343B2003964F00A7DE93 /* AppDelegate.swift */; };
		04D7343E2003964F00A7DE93 /* ViewController.swift in Sources */ = {isa = PBXBuildFile; fileRef = 04D7343D2003964F00A7DE93 /* ViewController.swift */; };
		04D734412003964F00A7DE93 /* Main.storyboard in Resources */ = {isa = PBXBuildFile; fileRef = 04D7343F2003964F00A7DE93 /* Main.storyboard */; };
		04D734442003964F00A7DE93 /* calender.xcdatamodeld in Sources */ = {isa = PBXBuildFile; fileRef = 04D734422003964F00A7DE93 /* calender.xcdatamodeld */; };
		04D734462003964F00A7DE93 /* Assets.xcassets in Resources */ = {isa = PBXBuildFile; fileRef = 04D734452003964F00A7DE93 /* Assets.xcassets */; };
		04D734492003964F00A7DE93 /* LaunchScreen.storyboard in Resources */ = {isa = PBXBuildFile; fileRef = 04D734472003964F00A7DE93 /* LaunchScreen.storyboard */; };
		04D734542003964F00A7DE93 /* calenderTests.swift in Sources */ = {isa = PBXBuildFile; fileRef = 04D734532003964F00A7DE93 /* calenderTests.swift */; };
		04D7345F2003964F00A7DE93 /* calenderUITests.swift in Sources */ = {isa = PBXBuildFile; fileRef = 04D7345E2003964F00A7DE93 /* calenderUITests.swift */; };
/* End PBXBuildFile section */

/* Begin PBXContainerItemProxy section */
		04D734502003964F00A7DE93 /* PBXContainerItemProxy */ = {
			isa = PBXContainerItemProxy;
			containerPortal = 04D734302003964E00A7DE93 /* Project object */;
			proxyType = 1;
			remoteGlobalIDString = 04D734372003964F00A7DE93;
			remoteInfo = calender;
		};
		04D7345B2003964F00A7DE93 /* PBXContainerItemProxy */ = {
			isa = PBXContainerItemProxy;
			containerPortal = 04D734302003964E00A7DE93 /* Project object */;
			proxyType = 1;
			remoteGlobalIDString = 04D734372003964F00A7DE93;
			remoteInfo = calender;
		};
/* End PBXContainerItemProxy section */

/* Begin PBXFileReference section */
		04D734382003964F00A7DE93 /* calender.app */ = {isa = PBXFileReference; explicitFileType = wrapper.application; includeInIndex = 0; path = calender.app; sourceTree = BUILT_PRODUCTS_DIR; };
		04D7343B2003964F00A7DE93 /* AppDelegate.swift */ = {isa = PBXFileReference; lastKnownFileType = sourcecode.swift; path = AppDelegate.swift; sourceTree = "<group>"; };
		04D7343D2003964F00A7DE93 /* ViewController.swift */ = {isa = PBXFileReference; lastKnownFileType = sourcecode.swift; path = ViewController.swift; sourceTree = "<group>"; };
		04D734402003964F00A7DE93 /* Base */ = {isa = PBXFileReference; lastKnownFileType = file.storyboard; name = Base; path = Base.lproj/Main.storyboard; sourceTree = "<group>"; };
		04D734432003964F00A7DE93 /* calender.xcdatamodel */ = {isa = PBXFileReference; lastKnownFileType = wrapper.xcdatamodel; path = calender.xcdatamodel; sourceTree = "<group>"; };
		04D734452003964F00A7DE93 /* Assets.xcassets */ = {isa = PBXFileReference; lastKnownFileType = folder.assetcatalog; path = Assets.xcassets; sourceTree = "<group>"; };
		04D734482003964F00A7DE93 /* Base */ = {isa = PBXFileReference; lastKnownFileType = file.storyboard; name = Base; path = Base.lproj/LaunchScreen.storyboard; sourceTree = "<group>"; };
		04D7344A2003964F00A7DE93 /* Info.plist */ = {isa = PBXFileReference; lastKnownFileType = text.plist.xml; path = Info.plist; sourceTree = "<group>"; };
		04D7344F2003964F00A7DE93 /* calenderTests.xctest */ = {isa = PBXFileReference; explicitFileType = wrapper.cfbundle; includeInIndex = 0; path = calenderTests.xctest; sourceTree = BUILT_PRODUCTS_DIR; };
		04D734532003964F00A7DE93 /* calenderTests.swift */ = {isa = PBXFileReference; lastKnownFileType = sourcecode.swift; path = calenderTests.swift; sourceTree = "<group>"; };
		04D734552003964F00A7DE93 /* Info.plist */ = {isa = PBXFileReference; lastKnownFileType = text.plist.xml; path = Info.plist; sourceTree = "<group>"; };
		04D7345A2003964F00A7DE93 /* calenderUITests.xctest */ = {isa = PBXFileReference; explicitFileType = wrapper.cfbundle; includeInIndex = 0; path = calenderUITests.xctest; sourceTree = BUILT_PRODUCTS_DIR; };
		04D7345E2003964F00A7DE93 /* calenderUITests.swift */ = {isa = PBXFileReference; lastKnownFileType = sourcecode.swift; path = calenderUITests.swift; sourceTree = "<group>"; };
		04D734602003964F00A7DE93 /* Info.plist */ = {isa = PBXFileReference; lastKnownFileType = text.plist.xml; path = Info.plist; sourceTree = "<group>"; };
/* End PBXFileReference section */

/* Begin PBXFrameworksBuildPhase section */
		04D734352003964F00A7DE93 /* Frameworks */ = {
			isa = PBXFrameworksBuildPhase;
			buildActionMask = 2147483647;
			files = (
			);
			runOnlyForDeploymentPostprocessing = 0;
		};
		04D7344C2003964F00A7DE93 /* Frameworks */ = {
			isa = PBXFrameworksBuildPhase;
			buildActionMask = 2147483647;
			files = (
			);
			runOnlyForDeploymentPostprocessing = 0;
		};
		04D734572003964F00A7DE93 /* Frameworks */ = {
			isa = PBXFrameworksBuildPhase;
			buildActionMask = 2147483647;
			files = (
			);
			runOnlyForDeploymentPostprocessing = 0;
		};
/* End PBXFrameworksBuildPhase section */

/* Begin PBXGroup section */
		04D7342F2003964E00A7DE93 = {
			isa = PBXGroup;
			children = (
				04D7343A2003964F00A7DE93 /* calender */,
				04D734522003964F00A7DE93 /* calenderTests */,
				04D7345D2003964F00A7DE93 /* calenderUITests */,
				04D734392003964F00A7DE93 /* Products */,
			);
			sourceTree = "<group>";
		};
		04D734392003964F00A7DE93 /* Products */ = {
			isa = PBXGroup;
			children = (
				04D734382003964F00A7DE93 /* calender.app */,
				04D7344F2003964F00A7DE93 /* calenderTests.xctest */,
				04D7345A2003964F00A7DE93 /* calenderUITests.xctest */,
			);
			name = Products;
			sourceTree = "<group>";
		};
		04D7343A2003964F00A7DE93 /* calender */ = {
			isa = PBXGroup;
			children = (
				04D7343B2003964F00A7DE93 /* AppDelegate.swift */,
				04D7343D2003964F00A7DE93 /* ViewController.swift */,
				04D7343F2003964F00A7DE93 /* Main.storyboard */,
				04D734452003964F00A7DE93 /* Assets.xcassets */,
				04D734472003964F00A7DE93 /* LaunchScreen.storyboard */,
				04D7344A2003964F00A7DE93 /* Info.plist */,
				04D734422003964F00A7DE93 /* calender.xcdatamodeld */,
			);
			path = calender;
			sourceTree = "<group>";
		};
		04D734522003964F00A7DE93 /* calenderTests */ = {
			isa = PBXGroup;
			children = (
				04D734532003964F00A7DE93 /* calenderTests.swift */,
				04D734552003964F00A7DE93 /* Info.plist */,
			);
			path = calenderTests;
			sourceTree = "<group>";
		};
		04D7345D2003964F00A7DE93 /* calenderUITests */ = {
			isa = PBXGroup;
			children = (
				04D7345E2003964F00A7DE93 /* calenderUITests.swift */,
				04D734602003964F00A7DE93 /* Info.plist */,
			);
			path = calenderUITests;
			sourceTree = "<group>";
		};
/* End PBXGroup section */

/* Begin PBXNativeTarget section */
		04D734372003964F00A7DE93 /* calender */ = {
			isa = PBXNativeTarget;
			buildConfigurationList = 04D734632003964F00A7DE93 /* Build configuration list for PBXNativeTarget "calender" */;
			buildPhases = (
				04D734342003964F00A7DE93 /* Sources */,
				04D734352003964F00A7DE93 /* Frameworks */,
				04D734362003964F00A7DE93 /* Resources */,
			);
			buildRules = (
			);
			dependencies = (
			);
			name = calender;
			productName = calender;
			productReference = 04D734382003964F00A7DE93 /* calender.app */;
			productType = "com.apple.product-type.application";
		};
		04D7344E2003964F00A7DE93 /* calenderTests */ = {
			isa = PBXNativeTarget;
			buildConfigurationList = 04D734662003964F00A7DE93 /* Build configuration list for PBXNativeTarget "calenderTests" */;
			buildPhases = (
				04D7344B2003964F00A7DE93 /* Sources */,
				04D7344C2003964F00A7DE93 /* Frameworks */,
				04D7344D2003964F00A7DE93 /* Resources */,
			);
			buildRules = (
			);
			dependencies = (
				04D734512003964F00A7DE93 /* PBXTargetDependency */,
			);
			name = calenderTests;
			productName = calenderTests;
			productReference = 04D7344F2003964F00A7DE93 /* calenderTests.xctest */;
			productType = "com.apple.product-type.bundle.unit-test";
		};
		04D734592003964F00A7DE93 /* calenderUITests */ = {
			isa = PBXNativeTarget;
			buildConfigurationList = 04D734692003964F00A7DE93 /* Build configuration list for PBXNativeTarget "calenderUITests" */;
			buildPhases = (
				04D734562003964F00A7DE93 /* Sources */,
				04D734572003964F00A7DE93 /* Frameworks */,
				04D734582003964F00A7DE93 /* Resources */,
			);
			buildRules = (
			);
			dependencies = (
				04D7345C2003964F00A7DE93 /* PBXTargetDependency */,
			);
			name = calenderUITests;
			productName = calenderUITests;
			productReference = 04D7345A2003964F00A7DE93 /* calenderUITests.xctest */;
			productType = "com.apple.product-type.bundle.ui-testing";
		};
/* End PBXNativeTarget section */

/* Begin PBXProject section */
		04D734302003964E00A7DE93 /* Project object */ = {
			isa = PBXProject;
			attributes = {
				LastSwiftUpdateCheck = 0920;
				LastUpgradeCheck = 0920;
				ORGANIZATIONNAME = "上田　護";
				TargetAttributes = {
					04D734372003964F00A7DE93 = {
						CreatedOnToolsVersion = 9.2;
						ProvisioningStyle = Automatic;
					};
					04D7344E2003964F00A7DE93 = {
						CreatedOnToolsVersion = 9.2;
						ProvisioningStyle = Automatic;
						TestTargetID = 04D734372003964F00A7DE93;
					};
					04D734592003964F00A7DE93 = {
						CreatedOnToolsVersion = 9.2;
						ProvisioningStyle = Automatic;
						TestTargetID = 04D734372003964F00A7DE93;
					};
				};
			};
			buildConfigurationList = 04D734332003964E00A7DE93 /* Build configuration list for PBXProject "calender" */;
			compatibilityVersion = "Xcode 8.0";
			developmentRegion = en;
			hasScannedForEncodings = 0;
			knownRegions = (
				en,
				Base,
			);
			mainGroup = 04D7342F2003964E00A7DE93;
			productRefGroup = 04D734392003964F00A7DE93 /* Products */;
			projectDirPath = "";
			projectRoot = "";
			targets = (
				04D734372003964F00A7DE93 /* calender */,
				04D7344E2003964F00A7DE93 /* calenderTests */,
				04D734592003964F00A7DE93 /* calenderUITests */,
			);
		};
/* End PBXProject section */

/* Begin PBXResourcesBuildPhase section */
		04D734362003964F00A7DE93 /* Resources */ = {
			isa = PBXResourcesBuildPhase;
			buildActionMask = 2147483647;
			files = (
				04D734492003964F00A7DE93 /* LaunchScreen.storyboard in Resources */,
				04D734462003964F00A7DE93 /* Assets.xcassets in Resources */,
				04D734412003964F00A7DE93 /* Main.storyboard in Resources */,
			);
			runOnlyForDeploymentPostprocessing = 0;
		};
		04D7344D2003964F00A7DE93 /* Resources */ = {
			isa = PBXResourcesBuildPhase;
			buildActionMask = 2147483647;
			files = (
			);
			runOnlyForDeploymentPostprocessing = 0;
		};
		04D734582003964F00A7DE93 /* Resources */ = {
			isa = PBXResourcesBuildPhase;
			buildActionMask = 2147483647;
			files = (
			);
			runOnlyForDeploymentPostprocessing = 0;
		};
/* End PBXResourcesBuildPhase section */

/* Begin PBXSourcesBuildPhase section */
		04D734342003964F00A7DE93 /* Sources */ = {
			isa = PBXSourcesBuildPhase;
			buildActionMask = 2147483647;
			files = (
				04D734442003964F00A7DE93 /* calender.xcdatamodeld in Sources */,
				04D7343E2003964F00A7DE93 /* ViewController.swift in Sources */,
				04D7343C2003964F00A7DE93 /* AppDelegate.swift in Sources */,
			);
			runOnlyForDeploymentPostprocessing = 0;
		};
		04D7344B2003964F00A7DE93 /* Sources */ = {
			isa = PBXSourcesBuildPhase;
			buildActionMask = 2147483647;
			files = (
				04D734542003964F00A7DE93 /* calenderTests.swift in Sources */,
			);
			runOnlyForDeploymentPostprocessing = 0;
		};
		04D734562003964F00A7DE93 /* Sources */ = {
			isa = PBXSourcesBuildPhase;
			buildActionMask = 2147483647;
			files = (
				04D7345F2003964F00A7DE93 /* calenderUITests.swift in Sources */,
			);
			runOnlyForDeploymentPostprocessing = 0;
		};
/* End PBXSourcesBuildPhase section */

/* Begin PBXTargetDependency section */
		04D734512003964F00A7DE93 /* PBXTargetDependency */ = {
			isa = PBXTargetDependency;
			target = 04D734372003964F00A7DE93 /* calender */;
			targetProxy = 04D734502003964F00A7DE93 /* PBXContainerItemProxy */;
		};
		04D7345C2003964F00A7DE93 /* PBXTargetDependency */ = {
			isa = PBXTargetDependency;
			target = 04D734372003964F00A7DE93 /* calender */;
			targetProxy = 04D7345B2003964F00A7DE93 /* PBXContainerItemProxy */;
		};
/* End PBXTargetDependency section */

/* Begin PBXVariantGroup section */
		04D7343F2003964F00A7DE93 /* Main.storyboard */ = {
			isa = PBXVariantGroup;
			children = (
				04D734402003964F00A7DE93 /* Base */,
			);
			name = Main.storyboard;
			sourceTree = "<group>";
		};
		04D734472003964F00A7DE93 /* LaunchScreen.storyboard */ = {
			isa = PBXVariantGroup;
			children = (
				04D734482003964F00A7DE93 /* Base */,
			);
			name = LaunchScreen.storyboard;
			sourceTree = "<group>";
		};
/* End PBXVariantGroup section */

/* Begin XCBuildConfiguration section */
		04D734612003964F00A7DE93 /* Debug */ = {
			isa = XCBuildConfiguration;
			buildSettings = {
				ALWAYS_SEARCH_USER_PATHS = NO;
				CLANG_ANALYZER_NONNULL = YES;
				CLANG_ANALYZER_NUMBER_OBJECT_CONVERSION = YES_AGGRESSIVE;
				CLANG_CXX_LANGUAGE_STANDARD = "gnu++14";
				CLANG_CXX_LIBRARY = "libc++";
				CLANG_ENABLE_MODULES = YES;
				CLANG_ENABLE_OBJC_ARC = YES;
				CLANG_WARN_BLOCK_CAPTURE_AUTORELEASING = YES;
				CLANG_WARN_BOOL_CONVERSION = YES;
				CLANG_WARN_COMMA = YES;
				CLANG_WARN_CONSTANT_CONVERSION = YES;
				CLANG_WARN_DIRECT_OBJC_ISA_USAGE = YES_ERROR;
				CLANG_WARN_DOCUMENTATION_COMMENTS = YES;
				CLANG_WARN_EMPTY_BODY = YES;
				CLANG_WARN_ENUM_CONVERSION = YES;
				CLANG_WARN_INFINITE_RECURSION = YES;
				CLANG_WARN_INT_CONVERSION = YES;
				CLANG_WARN_NON_LITERAL_NULL_CONVERSION = YES;
				CLANG_WARN_OBJC_LITERAL_CONVERSION = YES;
				CLANG_WARN_OBJC_ROOT_CLASS = YES_ERROR;
				CLANG_WARN_RANGE_LOOP_ANALYSIS = YES;
				CLANG_WARN_STRICT_PROTOTYPES = YES;
				CLANG_WARN_SUSPICIOUS_MOVE = YES;
				CLANG_WARN_UNGUARDED_AVAILABILITY = YES_AGGRESSIVE;
				CLANG_WARN_UNREACHABLE_CODE = YES;
				CLANG_WARN__DUPLICATE_METHOD_MATCH = YES;
				CODE_SIGN_IDENTITY = "iPhone Developer";
				COPY_PHASE_STRIP = NO;
				DEBUG_INFORMATION_FORMAT = dwarf;
				ENABLE_STRICT_OBJC_MSGSEND = YES;
				ENABLE_TESTABILITY = YES;
				GCC_C_LANGUAGE_STANDARD = gnu11;
				GCC_DYNAMIC_NO_PIC = NO;
				GCC_NO_COMMON_BLOCKS = YES;
				GCC_OPTIMIZATION_LEVEL = 0;
				GCC_PREPROCESSOR_DEFINITIONS = (
					"DEBUG=1",
					"$(inherited)",
				);
				GCC_WARN_64_TO_32_BIT_CONVERSION = YES;
				GCC_WARN_ABOUT_RETURN_TYPE = YES_ERROR;
				GCC_WARN_UNDECLARED_SELECTOR = YES;
				GCC_WARN_UNINITIALIZED_AUTOS = YES_AGGRESSIVE;
				GCC_WARN_UNUSED_FUNCTION = YES;
				GCC_WARN_UNUSED_VARIABLE = YES;
				IPHONEOS_DEPLOYMENT_TARGET = 11.2;
				MTL_ENABLE_DEBUG_INFO = YES;
				ONLY_ACTIVE_ARCH = YES;
				SDKROOT = iphoneos;
				SWIFT_ACTIVE_COMPILATION_CONDITIONS = DEBUG;
				SWIFT_OPTIMIZATION_LEVEL = "-Onone";
			};
			name = Debug;
		};
		04D734622003964F00A7DE93 /* Release */ = {
			isa = XCBuildConfiguration;
			buildSettings = {
				ALWAYS_SEARCH_USER_PATHS = NO;
				CLANG_ANALYZER_NONNULL = YES;
				CLANG_ANALYZER_NUMBER_OBJECT_CONVERSION = YES_AGGRESSIVE;
				CLANG_CXX_LANGUAGE_STANDARD = "gnu++14";
				CLANG_CXX_LIBRARY = "libc++";
				CLANG_ENABLE_MODULES = YES;
				CLANG_ENABLE_OBJC_ARC = YES;
				CLANG_WARN_BLOCK_CAPTURE_AUTORELEASING = YES;
				CLANG_WARN_BOOL_CONVERSION = YES;
				CLANG_WARN_COMMA = YES;
				CLANG_WARN_CONSTANT_CONVERSION = YES;
				CLANG_WARN_DIRECT_OBJC_ISA_USAGE = YES_ERROR;
				CLANG_WARN_DOCUMENTATION_COMMENTS = YES;
				CLANG_WARN_EMPTY_BODY = YES;
				CLANG_WARN_ENUM_CONVERSION = YES;
				CLANG_WARN_INFINITE_RECURSION = YES;
				CLANG_WARN_INT_CONVERSION = YES;
				CLANG_WARN_NON_LITERAL_NULL_CONVERSION = YES;
				CLANG_WARN_OBJC_LITERAL_CONVERSION = YES;
				CLANG_WARN_OBJC_ROOT_CLASS = YES_ERROR;
				CLANG_WARN_RANGE_LOOP_ANALYSIS = YES;
				CLANG_WARN_STRICT_PROTOTYPES = YES;
				CLANG_WARN_SUSPICIOUS_MOVE = YES;
				CLANG_WARN_UNGUARDED_AVAILABILITY = YES_AGGRESSIVE;
				CLANG_WARN_UNREACHABLE_CODE = YES;
				CLANG_WARN__DUPLICATE_METHOD_MATCH = YES;
				CODE_SIGN_IDENTITY = "iPhone Developer";
				COPY_PHASE_STRIP = NO;
				DEBUG_INFORMATION_FORMAT = "dwarf-with-dsym";
				ENABLE_NS_ASSERTIONS = NO;
				ENABLE_STRICT_OBJC_MSGSEND = YES;
				GCC_C_LANGUAGE_STANDARD = gnu11;
				GCC_NO_COMMON_BLOCKS = YES;
				GCC_WARN_64_TO_32_BIT_CONVERSION = YES;
				GCC_WARN_ABOUT_RETURN_TYPE = YES_ERROR;
				GCC_WARN_UNDECLARED_SELECTOR = YES;
				GCC_WARN_UNINITIALIZED_AUTOS = YES_AGGRESSIVE;
				GCC_WARN_UNUSED_FUNCTION = YES;
				GCC_WARN_UNUSED_VARIABLE = YES;
				IPHONEOS_DEPLOYMENT_TARGET = 11.2;
				MTL_ENABLE_DEBUG_INFO = NO;
				SDKROOT = iphoneos;
				SWIFT_OPTIMIZATION_LEVEL = "-Owholemodule";
				VALIDATE_PRODUCT = YES;
			};
			name = Release;
		};
		04D734642003964F00A7DE93 /* Debug */ = {
			isa = XCBuildConfiguration;
			buildSettings = {
				ASSETCATALOG_COMPILER_APPICON_NAME = AppIcon;
				CODE_SIGN_STYLE = Automatic;
				DEVELOPMENT_TEAM = 9RWL9BWXDB;
				INFOPLIST_FILE = calender/Info.plist;
				LD_RUNPATH_SEARCH_PATHS = "$(inherited) @executable_path/Frameworks";
				PRODUCT_BUNDLE_IDENTIFIER = com.default.calender;
				PRODUCT_NAME = "$(TARGET_NAME)";
				SWIFT_VERSION = 4.0;
				TARGETED_DEVICE_FAMILY = "1,2";
			};
			name = Debug;
		};
		04D734652003964F00A7DE93 /* Release */ = {
			isa = XCBuildConfiguration;
			buildSettings = {
				ASSETCATALOG_COMPILER_APPICON_NAME = AppIcon;
				CODE_SIGN_STYLE = Automatic;
				DEVELOPMENT_TEAM = 9RWL9BWXDB;
				INFOPLIST_FILE = calender/Info.plist;
				LD_RUNPATH_SEARCH_PATHS = "$(inherited) @executable_path/Frameworks";
				PRODUCT_BUNDLE_IDENTIFIER = com.default.calender;
				PRODUCT_NAME = "$(TARGET_NAME)";
				SWIFT_VERSION = 4.0;
				TARGETED_DEVICE_FAMILY = "1,2";
			};
			name = Release;
		};
		04D734672003964F00A7DE93 /* Debug */ = {
			isa = XCBuildConfiguration;
			buildSettings = {
				ALWAYS_EMBED_SWIFT_STANDARD_LIBRARIES = YES;
				BUNDLE_LOADER = "$(TEST_HOST)";
				CODE_SIGN_STYLE = Automatic;
				DEVELOPMENT_TEAM = 9RWL9BWXDB;
				INFOPLIST_FILE = calenderTests/Info.plist;
				LD_RUNPATH_SEARCH_PATHS = "$(inherited) @executable_path/Frameworks @loader_path/Frameworks";
				PRODUCT_BUNDLE_IDENTIFIER = com.default.calenderTests;
				PRODUCT_NAME = "$(TARGET_NAME)";
				SWIFT_VERSION = 4.0;
				TARGETED_DEVICE_FAMILY = "1,2";
				TEST_HOST = "$(BUILT_PRODUCTS_DIR)/calender.app/calender";
			};
			name = Debug;
		};
		04D734682003964F00A7DE93 /* Release */ = {
			isa = XCBuildConfiguration;
			buildSettings = {
				ALWAYS_EMBED_SWIFT_STANDARD_LIBRARIES = YES;
				BUNDLE_LOADER = "$(TEST_HOST)";
				CODE_SIGN_STYLE = Automatic;
				DEVELOPMENT_TEAM = 9RWL9BWXDB;
				INFOPLIST_FILE = calenderTests/Info.plist;
				LD_RUNPATH_SEARCH_PATHS = "$(inherited) @executable_path/Frameworks @loader_path/Frameworks";
				PRODUCT_BUNDLE_IDENTIFIER = com.default.calenderTests;
				PRODUCT_NAME = "$(TARGET_NAME)";
				SWIFT_VERSION = 4.0;
				TARGETED_DEVICE_FAMILY = "1,2";
				TEST_HOST = "$(BUILT_PRODUCTS_DIR)/calender.app/calender";
			};
			name = Release;
		};
		04D7346A2003964F00A7DE93 /* Debug */ = {
			isa = XCBuildConfiguration;
			buildSettings = {
				ALWAYS_EMBED_SWIFT_STANDARD_LIBRARIES = YES;
				CODE_SIGN_STYLE = Automatic;
				DEVELOPMENT_TEAM = 9RWL9BWXDB;
				INFOPLIST_FILE = calenderUITests/Info.plist;
				LD_RUNPATH_SEARCH_PATHS = "$(inherited) @executable_path/Frameworks @loader_path/Frameworks";
				PRODUCT_BUNDLE_IDENTIFIER = com.default.calenderUITests;
				PRODUCT_NAME = "$(TARGET_NAME)";
				SWIFT_VERSION = 4.0;
				TARGETED_DEVICE_FAMILY = "1,2";
				TEST_TARGET_NAME = calender;
			};
			name = Debug;
		};
		04D7346B2003964F00A7DE93 /* Release */ = {
			isa = XCBuildConfiguration;
			buildSettings = {
				ALWAYS_EMBED_SWIFT_STANDARD_LIBRARIES = YES;
				CODE_SIGN_STYLE = Automatic;
				DEVELOPMENT_TEAM = 9RWL9BWXDB;
				INFOPLIST_FILE = calenderUITests/Info.plist;
				LD_RUNPATH_SEARCH_PATHS = "$(inherited) @executable_path/Frameworks @loader_path/Frameworks";
				PRODUCT_BUNDLE_IDENTIFIER = com.default.calenderUITests;
				PRODUCT_NAME = "$(TARGET_NAME)";
				SWIFT_VERSION = 4.0;
				TARGETED_DEVICE_FAMILY = "1,2";
				TEST_TARGET_NAME = calender;
			};
			name = Release;
		};
/* End XCBuildConfiguration section */

/* Begin XCConfigurationList section */
		04D734332003964E00A7DE93 /* Build configuration list for PBXProject "calender" */ = {
			isa = XCConfigurationList;
			buildConfigurations = (
				04D734612003964F00A7DE93 /* Debug */,
				04D734622003964F00A7DE93 /* Release */,
			);
			defaultConfigurationIsVisible = 0;
			defaultConfigurationName = Release;
		};
		04D734632003964F00A7DE93 /* Build configuration list for PBXNativeTarget "calender" */ = {
			isa = XCConfigurationList;
			buildConfigurations = (
				04D734642003964F00A7DE93 /* Debug */,
				04D734652003964F00A7DE93 /* Release */,
			);
			defaultConfigurationIsVisible = 0;
			defaultConfigurationName = Release;
		};
		04D734662003964F00A7DE93 /* Build configuration list for PBXNativeTarget "calenderTests" */ = {
			isa = XCConfigurationList;
			buildConfigurations = (
				04D734672003964F00A7DE93 /* Debug */,
				04D734682003964F00A7DE93 /* Release */,
			);
			defaultConfigurationIsVisible = 0;
			defaultConfigurationName = Release;
		};
		04D734692003964F00A7DE93 /* Build configuration list for PBXNativeTarget "calenderUITests" */ = {
			isa = XCConfigurationList;
			buildConfigurations = (
				04D7346A2003964F00A7DE93 /* Debug */,
				04D7346B2003964F00A7DE93 /* Release */,
			);
			defaultConfigurationIsVisible = 0;
			defaultConfigurationName = Release;
		};
/* End XCConfigurationList section */

/* Begin XCVersionGroup section */
		04D734422003964F00A7DE93 /* calender.xcdatamodeld */ = {
			isa = XCVersionGroup;
			children = (
				04D734432003964F00A7DE93 /* calender.xcdatamodel */,
			);
			currentVersion = 04D734432003964F00A7DE93 /* calender.xcdatamodel */;
			path = calender.xcdatamodeld;
			sourceTree = "<group>";
			versionGroupType = wrapper.xcdatamodel;
		};
/* End XCVersionGroup section */
	};
	rootObject = 04D734302003964E00A7DE93 /* Project object */;
}
